
Microsoft Visual Studio Solution File, Format Version 12.00
# Visual Studio Express 15 for Windows Desktop
VisualStudioVersion = 15.0.28307.705
MinimumVisualStudioVersion = 10.0.40219.1
Project("{8BC9CEB8-8B4A-11D0-8D11-00A0C91BC942}") = "unf", "unf\unf.vcxproj", "{AB62C7D3-6EB2-480E-8334-5E9860CA4C1D}"
EndProject
Global
	GlobalSection(SolutionConfigurationPlatforms) = preSolution
		Debug|x64 = Debug|x64
		Debug|x86 = Debug|x86
		Release|x64 = Release|x64
		Release|x86 = Release|x86
	EndGlobalSection
	GlobalSection(ProjectConfigurationPlatforms) = postSolution
		{AB62C7D3-6EB2-480E-8334-5E9860CA4C1D}.Debug|x64.ActiveCfg = Debug|x64
		{AB62C7D3-6EB2-480E-8334-5E9860CA4C1D}.Debug|x64.Build.0 = Debug|x64
		{AB62C7D3-6EB2-480E-8334-5E9860CA4C1D}.Debug|x86.ActiveCfg = Debug|Win32
		{AB62C7D3-6EB2-480E-8334-5E9860CA4C1D}.Debug|x86.Build.0 = Debug|Win32
		{AB62C7D3-6EB2-480E-8334-5E9860CA4C1D}.Release|x64.ActiveCfg = Release|x64
		{AB62C7D3-6EB2-480E-8334-5E9860CA4C1D}.Release|x64.Build.0 = Release|x64
		{AB62C7D3-6EB2-480E-8334-5E9860CA4C1D}.Release|x86.ActiveCfg = Release|Win32
		{AB62C7D3-6EB2-480E-8334-5E9860CA4C1D}.Release|x86.Build.0 = Release|Win32
	EndGlobalSection
	GlobalSection(SolutionProperties) = preSolution
		HideSolutionNode = FALSE
	EndGlobalSection
	GlobalSection(ExtensibilityGlobals) = postSolution
		SolutionGuid = {46A4ABEF-28CE-46AC-B7B8-0588CD6AF110}
	EndGlobalSection
EndGlobal
